version = 1
revision = 3
requires-python = "==3.13.*"
resolution-markers = [
    "sys_platform == 'win32'",
    "sys_platform == 'emscripten'",
    "sys_platform != 'emscripten' and sys_platform != 'win32'",
]

[[package]]
name = "certifi"
version = "2026.2.25"
source = { registry = "https://pypi.org/simple" }
sdist = { url = "https://files.pythonhosted.org/packages/af/2d/7bf41579a8986e348fa033a31cdd0e4121114f6bce2457e8876010b092dd/certifi-2026.2.25.tar.gz", hash = "sha256:e887ab5cee78ea814d3472169153c2d12cd43b14bd03329a39a9c6e2e80bfba7", size = 155029, upload-time = "2026-02-25T02:54:17.342Z" }
wheels = [
    { url = "https://files.pythonhosted.org/packages/9a/3c/c17fb3ca2d9c3acff52e30b309f538586f9f5b9c9cf454f3845fc9af4881/certifi-2026.2.25-py3-none-any.whl", hash = "sha256:027692e4402ad994f1c42e52a4997a9763c646b73e4096e4d5d6db8af1d6f0fa", size = 153684, upload-time = "2026-02-25T02:54:15.766Z" },
]

[[package]]
name = "charset-normalizer"
version = "3.4.5"
source = { registry = "https://pypi.org/simple" }
sdist = { url = "https://files.pythonhosted.org/packages/1d/35/02daf95b9cd686320bb622eb148792655c9412dbb9b67abb5694e5910a24/charset_normalizer-3.4.5.tar.gz", hash = "sha256:95adae7b6c42a6c5b5b559b1a99149f090a57128155daeea91732c8d970d8644", size = 134804, upload-time = "2026-03-06T06:03:19.46Z" }
wheels = [
    { url = "https://files.pythonhosted.org/packages/f5/48/9f34ec4bb24aa3fdba1890c1bddb97c8a4be1bd84ef5c42ac2352563ad05/charset_normalizer-3.4.5-cp313-cp313-macosx_10_13_universal2.whl", hash = "sha256:ac59c15e3f1465f722607800c68713f9fbc2f672b9eb649fe831da4019ae9b23", size = 280788, upload-time = "2026-03-06T06:01:37.126Z" },
    { url = "https://files.pythonhosted.org/packages/0e/09/6003e7ffeb90cc0560da893e3208396a44c210c5ee42efff539639def59b/charset_normalizer-3.4.5-cp313-cp313-manylinux2014_aarch64.manylinux_2_17_aarch64.manylinux_2_28_aarch64.whl", hash = "sha256:165c7b21d19365464e8f70e5ce5e12524c58b48c78c1f5a57524603c1ab003f8", size = 188890, upload-time = "2026-03-06T06:01:38.73Z" },
    { url = "https://files.pythonhosted.org/packages/42/1e/02706edf19e390680daa694d17e2b8eab4b5f7ac285e2a51168b4b22ee6b/charset_normalizer-3.4.5-cp313-cp313-manylinux2014_ppc64le.manylinux_2_17_ppc64le.manylinux_2_28_ppc64le.whl", hash = "sha256:28269983f25a4da0425743d0d257a2d6921ea7d9b83599d4039486ec5b9f911d", size = 206136, upload-time = "2026-03-06T06:01:40.016Z" },
    { url = "https://files.pythonhosted.org/packages/c7/87/942c3def1b37baf3cf786bad01249190f3ca3d5e63a84f831e704977de1f/charset_normalizer-3.4.5-cp313-cp313-manylinux2014_s390x.manylinux_2_17_s390x.manylinux_2_28_s390x.whl", hash = "sha256:d27ce22ec453564770d29d03a9506d449efbb9fa13c00842262b2f6801c48cce", size = 202551, upload-time = "2026-03-06T06:01:41.522Z" },
    { url = "https://files.pythonhosted.org/packages/94/0a/af49691938dfe175d71b8a929bd7e4ace2809c0c5134e28bc535660d5262/charset_normalizer-3.4.5-cp313-cp313-manylinux2014_x86_64.manylinux_2_17_x86_64.manylinux_2_28_x86_64.whl", hash = "sha256:0625665e4ebdddb553ab185de5db7054393af8879fb0c87bd5690d14379d6819", size = 195572, upload-time = "2026-03-06T06:01:43.208Z" },
    { url = "https://files.pythonhosted.org/packages/20/ea/dfb1792a8050a8e694cfbde1570ff97ff74e48afd874152d38163d1df9ae/charset_normalizer-3.4.5-cp313-cp313-manylinux_2_31_armv7l.whl", hash = "sha256:c23eb3263356d94858655b3e63f85ac5d50970c6e8febcdde7830209139cc37d", size = 184438, upload-time = "2026-03-06T06:01:44.755Z" },
    { url = "https://files.pythonhosted.org/packages/72/12/c281e2067466e3ddd0595bfaea58a6946765ace5c72dfa3edc2f5f118026/charset_normalizer-3.4.5-cp313-cp313-manylinux_2_31_riscv64.manylinux_2_39_riscv64.whl", hash = "sha256:e6302ca4ae283deb0af68d2fbf467474b8b6aedcd3dab4db187e07f94c109763", size = 193035, upload-time = "2026-03-06T06:01:46.051Z" },
    { url = "https://files.pythonhosted.org/packages/ba/4f/3792c056e7708e10464bad0438a44708886fb8f92e3c3d29ec5e2d964d42/charset_normalizer-3.4.5-cp313-cp313-musllinux_1_2_aarch64.whl", hash = "sha256:e51ae7d81c825761d941962450f50d041db028b7278e7b08930b4541b3e45cb9", size = 191340, upload-time = "2026-03-06T06:01:47.547Z" },
    { url = "https://files.pythonhosted.org/packages/e7/86/80ddba897127b5c7a9bccc481b0cd36c8fefa485d113262f0fe4332f0bf4/charset_normalizer-3.4.5-cp313-cp313-musllinux_1_2_armv7l.whl", hash = "sha256:597d10dec876923e5c59e48dbd366e852eacb2b806029491d307daea6b917d7c", size = 185464, upload-time = "2026-03-06T06:01:48.764Z" },
    { url = "https://files.pythonhosted.org/packages/4d/00/b5eff85ba198faacab83e0e4b6f0648155f072278e3b392a82478f8b988b/charset_normalizer-3.4.5-cp313-cp313-musllinux_1_2_ppc64le.whl", hash = "sha256:5cffde4032a197bd3b42fd0b9509ec60fb70918d6970e4cc773f20fc9180ca67", size = 208014, upload-time = "2026-03-06T06:01:50.371Z" },
    { url = "https://files.pythonhosted.org/packages/c8/11/d36f70be01597fd30850dde8a1269ebc8efadd23ba5785808454f2389bde/charset_normalizer-3.4.5-cp313-cp313-musllinux_1_2_riscv64.whl", hash = "sha256:2da4eedcb6338e2321e831a0165759c0c620e37f8cd044a263ff67493be8ffb3", size = 193297, upload-time = "2026-03-06T06:01:51.933Z" },
    { url = "https://files.pythonhosted.org/packages/1a/1d/259eb0a53d4910536c7c2abb9cb25f4153548efb42800c6a9456764649c0/charset_normalizer-3.4.5-cp313-cp313-musllinux_1_2_s390x.whl", hash = "sha256:65a126fb4b070d05340a84fc709dd9e7c75d9b063b610ece8a60197a291d0adf", size = 204321, upload-time = "2026-03-06T06:01:53.887Z" },
    { url = "https://files.pythonhosted.org/packages/84/31/faa6c5b9d3688715e1ed1bb9d124c384fe2fc1633a409e503ffe1c6398c1/charset_normalizer-3.4.5-cp313-cp313-musllinux_1_2_x86_64.whl", hash = "sha256:c7a80a9242963416bd81f99349d5f3fce1843c303bd404f204918b6d75a75fd6", size = 197509, upload-time = "2026-03-06T06:01:56.439Z" },
    { url = "https://files.pythonhosted.org/packages/fd/a5/c7d9dd1503ffc08950b3260f5d39ec2366dd08254f0900ecbcf3a6197c7c/charset_normalizer-3.4.5-cp313-cp313-win32.whl", hash = "sha256:f1d725b754e967e648046f00c4facc42d414840f5ccc670c5670f59f83693e4f", size = 132284, upload-time = "2026-03-06T06:01:57.812Z" },
    { url = "https://files.pythonhosted.org/packages/b9/0f/57072b253af40c8aa6636e6de7d75985624c1eb392815b2f934199340a89/charset_normalizer-3.4.5-cp313-cp313-win_amd64.whl", hash = "sha256:e37bd100d2c5d3ba35db9c7c5ba5a9228cbcffe5c4778dc824b164e5257813d7", size = 142630, upload-time = "2026-03-06T06:01:59.062Z" },
    { url = "https://files.pythonhosted.org/packages/31/41/1c4b7cc9f13bd9d369ce3bc993e13d374ce25fa38a2663644283ecf422c1/charset_normalizer-3.4.5-cp313-cp313-win_arm64.whl", hash = "sha256:93b3b2cc5cf1b8743660ce77a4f45f3f6d1172068207c1defc779a36eea6bb36", size = 133254, upload-time = "2026-03-06T06:02:00.281Z" },
    { url = "https://files.pythonhosted.org/packages/c5/60/3a621758945513adfd4db86827a5bafcc615f913dbd0b4c2ed64a65731be/charset_normalizer-3.4.5-py3-none-any.whl", hash = "sha256:9db5e3fcdcee89a78c04dffb3fe33c79f77bd741a624946db2591c81b2fc85b0", size = 55455, upload-time = "2026-03-06T06:03:17.827Z" },
]

[[package]]
name = "idna"
version = "3.11"
source = { registry = "https://pypi.org/simple" }
sdist = { url = "https://files.pythonhosted.org/packages/6f/6d/0703ccc57f3a7233505399edb88de3cbd678da106337b9fcde432b65ed60/idna-3.11.tar.gz", hash = "sha256:795dafcc9c04ed0c1fb032c2aa73654d8e8c5023a7df64a53f39190ada629902", size = 194582, upload-time = "2025-10-12T14:55:20.501Z" }
wheels = [
    { url = "https://files.pythonhosted.org/packages/0e/61/66938bbb5fc52dbdf84594873d5b51fb1f7c7794e9c0f5bd885f30bc507b/idna-3.11-py3-none-any.whl", hash = "sha256:771a87f49d9defaf64091e6e6fe9c18d4833f140bd19464795bc32d966ca37ea", size = 71008, upload-time = "2025-10-12T14:55:18.883Z" },
]

[[package]]
name = "numpy"
version = "2.4.2"
source = { registry = "https://pypi.org/simple" }
sdist = { url = "https://files.pythonhosted.org/packages/57/fd/0005efbd0af48e55eb3c7208af93f2862d4b1a56cd78e84309a2d959208d/numpy-2.4.2.tar.gz", hash = "sha256:659a6107e31a83c4e33f763942275fd278b21d095094044eb35569e86a21ddae", size = 20723651, upload-time = "2026-01-31T23:13:10.135Z" }
wheels = [
    { url = "https://files.pythonhosted.org/packages/a1/22/815b9fe25d1d7ae7d492152adbc7226d3eff731dffc38fe970589fcaaa38/numpy-2.4.2-cp313-cp313-macosx_10_13_x86_64.whl", hash = "sha256:25f2059807faea4b077a2b6837391b5d830864b3543627f381821c646f31a63c", size = 16663696, upload-time = "2026-01-31T23:11:17.516Z" },
    { url = "https://files.pythonhosted.org/packages/09/f0/817d03a03f93ba9c6c8993de509277d84e69f9453601915e4a69554102a1/numpy-2.4.2-cp313-cp313-macosx_11_0_arm64.whl", hash = "sha256:bd3a7a9f5847d2fb8c2c6d1c862fa109c31a9abeca1a3c2bd5a64572955b2979", size = 14688322, upload-time = "2026-01-31T23:11:19.883Z" },
    { url = "https://files.pythonhosted.org/packages/da/b4/f805ab79293c728b9a99438775ce51885fd4f31b76178767cfc718701a39/numpy-2.4.2-cp313-cp313-macosx_14_0_arm64.whl", hash = "sha256:8e4549f8a3c6d13d55041925e912bfd834285ef1dd64d6bc7d542583355e2e98", size = 5198157, upload-time = "2026-01-31T23:11:22.375Z" },
    { url = "https://files.pythonhosted.org/packages/74/09/826e4289844eccdcd64aac27d13b0fd3f32039915dd5b9ba01baae1f436c/numpy-2.4.2-cp313-cp313-macosx_14_0_x86_64.whl", hash = "sha256:aea4f66ff44dfddf8c2cffd66ba6538c5ec67d389285292fe428cb2c738c8aef", size = 6546330, upload-time = "2026-01-31T23:11:23.958Z" },
    { url = "https://files.pythonhosted.org/packages/19/fb/cbfdbfa3057a10aea5422c558ac57538e6acc87ec1669e666d32ac198da7/numpy-2.4.2-cp313-cp313-manylinux_2_27_aarch64.manylinux_2_28_aarch64.whl", hash = "sha256:c3cd545784805de05aafe1dde61752ea49a359ccba9760c1e5d1c88a93bbf2b7", size = 15660968, upload-time = "2026-01-31T23:11:25.713Z" },
    { url = "https://files.pythonhosted.org/packages/04/dc/46066ce18d01645541f0186877377b9371b8fa8017fa8262002b4ef22612/numpy-2.4.2-cp313-cp313-manylinux_2_27_x86_64.manylinux_2_28_x86_64.whl", hash = "sha256:d0d9b7c93578baafcbc5f0b83eaf17b79d345c6f36917ba0c67f45226911d499", size = 16607311, upload-time = "2026-01-31T23:11:28.117Z" },
    { url = "https://files.pythonhosted.org/packages/14/d9/4b5adfc39a43fa6bf918c6d544bc60c05236cc2f6339847fc5b35e6cb5b0/numpy-2.4.2-cp313-cp313-musllinux_1_2_aarch64.whl", hash = "sha256:f74f0f7779cc7ae07d1810aab8ac6b1464c3eafb9e283a40da7309d5e6e48fbb", size = 17012850, upload-time = "2026-01-31T23:11:30.888Z" },
    { url = "https://files.pythonhosted.org/packages/b7/20/adb6e6adde6d0130046e6fdfb7675cc62bc2f6b7b02239a09eb58435753d/numpy-2.4.2-cp313-cp313-musllinux_1_2_x86_64.whl", hash = "sha256:c7ac672d699bf36275c035e16b65539931347d68b70667d28984c9fb34e07fa7", size = 18334210, upload-time = "2026-01-31T23:11:33.214Z" },
    { url = "https://files.pythonhosted.org/packages/78/0e/0a73b3dff26803a8c02baa76398015ea2a5434d9b8265a7898a6028c1591/numpy-2.4.2-cp313-cp313-win32.whl", hash = "sha256:8e9afaeb0beff068b4d9cd20d322ba0ee1cecfb0b08db145e4ab4dd44a6b5110", size = 5958199, upload-time = "2026-01-31T23:11:35.385Z" },
    { url = "https://files.pythonhosted.org/packages/43/bc/6352f343522fcb2c04dbaf94cb30cca6fd32c1a750c06ad6231b4293708c/numpy-2.4.2-cp313-cp313-win_amd64.whl", hash = "sha256:7df2de1e4fba69a51c06c28f5a3de36731eb9639feb8e1cf7e4a7b0daf4cf622", size = 12310848, upload-time = "2026-01-31T23:11:38.001Z" },
    { url = "https://files.pythonhosted.org/packages/6e/8d/6da186483e308da5da1cc6918ce913dcfe14ffde98e710bfeff2a6158d4e/numpy-2.4.2-cp313-cp313-win_arm64.whl", hash = "sha256:0fece1d1f0a89c16b03442eae5c56dc0be0c7883b5d388e0c03f53019a4bfd71", size = 10221082, upload-time = "2026-01-31T23:11:40.392Z" },
    { url = "https://files.pythonhosted.org/packages/25/a1/9510aa43555b44781968935c7548a8926274f815de42ad3997e9e83680dd/numpy-2.4.2-cp313-cp313t-macosx_11_0_arm64.whl", hash = "sha256:5633c0da313330fd20c484c78cdd3f9b175b55e1a766c4a174230c6b70ad8262", size = 14815866, upload-time = "2026-01-31T23:11:42.495Z" },
    { url = "https://files.pythonhosted.org/packages/36/30/6bbb5e76631a5ae46e7923dd16ca9d3f1c93cfa8d4ed79a129814a9d8db3/numpy-2.4.2-cp313-cp313t-macosx_14_0_arm64.whl", hash = "sha256:d9f64d786b3b1dd742c946c42d15b07497ed14af1a1f3ce840cce27daa0ce913", size = 5325631, upload-time = "2026-01-31T23:11:44.7Z" },
    { url = "https://files.pythonhosted.org/packages/46/00/3a490938800c1923b567b3a15cd17896e68052e2145d8662aaf3e1ffc58f/numpy-2.4.2-cp313-cp313t-macosx_14_0_x86_64.whl", hash = "sha256:b21041e8cb6a1eb5312dd1d2f80a94d91efffb7a06b70597d44f1bd2dfc315ab", size = 6646254, upload-time = "2026-01-31T23:11:46.341Z" },
    { url = "https://files.pythonhosted.org/packages/d3/e9/fac0890149898a9b609caa5af7455a948b544746e4b8fe7c212c8edd71f8/numpy-2.4.2-cp313-cp313t-manylinux_2_27_aarch64.manylinux_2_28_aarch64.whl", hash = "sha256:00ab83c56211a1d7c07c25e3217ea6695e50a3e2f255053686b081dc0b091a82", size = 15720138, upload-time = "2026-01-31T23:11:48.082Z" },
    { url = "https://files.pythonhosted.org/packages/ea/5c/08887c54e68e1e28df53709f1893ce92932cc6f01f7c3d4dc952f61ffd4e/numpy-2.4.2-cp313-cp313t-manylinux_2_27_x86_64.manylinux_2_28_x86_64.whl", hash = "sha256:2fb882da679409066b4603579619341c6d6898fc83a8995199d5249f986e8e8f", size = 16655398, upload-time = "2026-01-31T23:11:50.293Z" },
    { url = "https://files.pythonhosted.org/packages/4d/89/253db0fa0e66e9129c745e4ef25631dc37d5f1314dad2b53e907b8538e6d/numpy-2.4.2-cp313-cp313t-musllinux_1_2_aarch64.whl", hash = "sha256:66cb9422236317f9d44b67b4d18f44efe6e9c7f8794ac0462978513359461554", size = 17079064, upload-time = "2026-01-31T23:11:52.927Z" },
    { url = "https://files.pythonhosted.org/packages/2a/d5/cbade46ce97c59c6c3da525e8d95b7abe8a42974a1dc5c1d489c10433e88/numpy-2.4.2-cp313-cp313t-musllinux_1_2_x86_64.whl", hash = "sha256:0f01dcf33e73d80bd8dc0f20a71303abbafa26a19e23f6b68d1aa9990af90257", size = 18379680, upload-time = "2026-01-31T23:11:55.22Z" },
    { url = "https://files.pythonhosted.org/packages/40/62/48f99ae172a4b63d981babe683685030e8a3df4f246c893ea5c6ef99f018/numpy-2.4.2-cp313-cp313t-win32.whl", hash = "sha256:52b913ec40ff7ae845687b0b34d8d93b60cb66dcee06996dd5c99f2fc9328657", size = 6082433, upload-time = "2026-01-31T23:11:58.096Z" },
    { url = "https://files.pythonhosted.org/packages/07/38/e054a61cfe48ad9f1ed0d188e78b7e26859d0b60ef21cd9de4897cdb5326/numpy-2.4.2-cp313-cp313t-win_amd64.whl", hash = "sha256:5eea80d908b2c1f91486eb95b3fb6fab187e569ec9752ab7d9333d2e66bf2d6b", size = 12451181, upload-time = "2026-01-31T23:11:59.782Z" },
    { url = "https://files.pythonhosted.org/packages/6e/a4/a05c3a6418575e185dd84d0b9680b6bb2e2dc3e4202f036b7b4e22d6e9dc/numpy-2.4.2-cp313-cp313t-win_arm64.whl", hash = "sha256:fd49860271d52127d61197bb50b64f58454e9f578cb4b2c001a6de8b1f50b0b1", size = 10290756, upload-time = "2026-01-31T23:12:02.438Z" },
]

[[package]]
name = "pandas"
version = "3.0.1"
source = { registry = "https://pypi.org/simple" }
dependencies = [
    { name = "numpy" },
    { name = "python-dateutil" },
    { name = "tzdata", marker = "sys_platform == 'emscripten' or sys_platform == 'win32'" },
]
sdist = { url = "https://files.pythonhosted.org/packages/2e/0c/b28ed414f080ee0ad153f848586d61d1878f91689950f037f976ce15f6c8/pandas-3.0.1.tar.gz", hash = "sha256:4186a699674af418f655dbd420ed87f50d56b4cd6603784279d9eef6627823c8", size = 4641901, upload-time = "2026-02-17T22:20:16.434Z" }
wheels = [
    { url = "https://files.pythonhosted.org/packages/0b/48/aad6ec4f8d007534c091e9a7172b3ec1b1ee6d99a9cbb936b5eab6c6cf58/pandas-3.0.1-cp313-cp313-macosx_10_13_x86_64.whl", hash = "sha256:5272627187b5d9c20e55d27caf5f2cd23e286aba25cadf73c8590e432e2b7262", size = 10317509, upload-time = "2026-02-17T22:18:59.498Z" },
    { url = "https://files.pythonhosted.org/packages/a8/14/5990826f779f79148ae9d3a2c39593dc04d61d5d90541e71b5749f35af95/pandas-3.0.1-cp313-cp313-macosx_11_0_arm64.whl", hash = "sha256:661e0f665932af88c7877f31da0dc743fe9c8f2524bdffe23d24fdcb67ef9d56", size = 9860561, upload-time = "2026-02-17T22:19:02.265Z" },
    { url = "https://files.pythonhosted.org/packages/fa/80/f01ff54664b6d70fed71475543d108a9b7c888e923ad210795bef04ffb7d/pandas-3.0.1-cp313-cp313-manylinux_2_24_aarch64.manylinux_2_28_aarch64.whl", hash = "sha256:75e6e292ff898679e47a2199172593d9f6107fd2dd3617c22c2946e97d5df46e", size = 10365506, upload-time = "2026-02-17T22:19:05.017Z" },
    { url = "https://files.pythonhosted.org/packages/f2/85/ab6d04733a7d6ff32bfc8382bf1b07078228f5d6ebec5266b91bfc5c4ff7/pandas-3.0.1-cp313-cp313-manylinux_2_24_x86_64.manylinux_2_28_x86_64.whl", hash = "sha256:1ff8cf1d2896e34343197685f432450ec99a85ba8d90cce2030c5eee2ef98791", size = 10873196, upload-time = "2026-02-17T22:19:07.204Z" },
    { url = "https://files.pythonhosted.org/packages/48/a9/9301c83d0b47c23ac5deab91c6b39fd98d5b5db4d93b25df8d381451828f/pandas-3.0.1-cp313-cp313-musllinux_1_2_aarch64.whl", hash = "sha256:eca8b4510f6763f3d37359c2105df03a7a221a508f30e396a51d0713d462e68a", size = 11370859, upload-time = "2026-02-17T22:19:09.436Z" },
    { url = "https://files.pythonhosted.org/packages/59/fe/0c1fc5bd2d29c7db2ab372330063ad555fb83e08422829c785f5ec2176ca/pandas-3.0.1-cp313-cp313-musllinux_1_2_x86_64.whl", hash = "sha256:06aff2ad6f0b94a17822cf8b83bbb563b090ed82ff4fe7712db2ce57cd50d9b8", size = 11924584, upload-time = "2026-02-17T22:19:11.562Z" },
    { url = "https://files.pythonhosted.org/packages/d6/7d/216a1588b65a7aa5f4535570418a599d943c85afb1d95b0876fc00aa1468/pandas-3.0.1-cp313-cp313-win_amd64.whl", hash = "sha256:9fea306c783e28884c29057a1d9baa11a349bbf99538ec1da44c8476563d1b25", size = 9742769, upload-time = "2026-02-17T22:19:13.926Z" },
    { url = "https://files.pythonhosted.org/packages/c4/cb/810a22a6af9a4e97c8ab1c946b47f3489c5bca5adc483ce0ffc84c9cc768/pandas-3.0.1-cp313-cp313-win_arm64.whl", hash = "sha256:a8d37a43c52917427e897cb2e429f67a449327394396a81034a4449b99afda59", size = 9043855, upload-time = "2026-02-17T22:19:16.09Z" },
    { url = "https://files.pythonhosted.org/packages/92/fa/423c89086cca1f039cf1253c3ff5b90f157b5b3757314aa635f6bf3e30aa/pandas-3.0.1-cp313-cp313t-macosx_10_13_x86_64.whl", hash = "sha256:d54855f04f8246ed7b6fc96b05d4871591143c46c0b6f4af874764ed0d2d6f06", size = 10752673, upload-time = "2026-02-17T22:19:18.304Z" },
    { url = "https://files.pythonhosted.org/packages/22/23/b5a08ec1f40020397f0faba72f1e2c11f7596a6169c7b3e800abff0e433f/pandas-3.0.1-cp313-cp313t-macosx_11_0_arm64.whl", hash = "sha256:4e1b677accee34a09e0dc2ce5624e4a58a1870ffe56fc021e9caf7f23cd7668f", size = 10404967, upload-time = "2026-02-17T22:19:20.726Z" },
    { url = "https://files.pythonhosted.org/packages/5c/81/94841f1bb4afdc2b52a99daa895ac2c61600bb72e26525ecc9543d453ebc/pandas-3.0.1-cp313-cp313t-manylinux_2_24_aarch64.manylinux_2_28_aarch64.whl", hash = "sha256:a9cabbdcd03f1b6cd254d6dda8ae09b0252524be1592594c00b7895916cb1324", size = 10320575, upload-time = "2026-02-17T22:19:24.919Z" },
    { url = "https://files.pythonhosted.org/packages/0a/8b/2ae37d66a5342a83adadfd0cb0b4bf9c3c7925424dd5f40d15d6cfaa35ee/pandas-3.0.1-cp313-cp313t-manylinux_2_24_x86_64.manylinux_2_28_x86_64.whl", hash = "sha256:5ae2ab1f166668b41e770650101e7090824fd34d17915dd9cd479f5c5e0065e9", size = 10710921, upload-time = "2026-02-17T22:19:27.181Z" },
    { url = "https://files.pythonhosted.org/packages/a2/61/772b2e2757855e232b7ccf7cb8079a5711becb3a97f291c953def15a833f/pandas-3.0.1-cp313-cp313t-musllinux_1_2_aarch64.whl", hash = "sha256:6bf0603c2e30e2cafac32807b06435f28741135cb8697eae8b28c7d492fc7d76", size = 11334191, upload-time = "2026-02-17T22:19:29.411Z" },
    { url = "https://files.pythonhosted.org/packages/1b/08/b16c6df3ef555d8495d1d265a7963b65be166785d28f06a350913a4fac78/pandas-3.0.1-cp313-cp313t-musllinux_1_2_x86_64.whl", hash = "sha256:6c426422973973cae1f4a23e51d4ae85974f44871b24844e4f7de752dd877098", size = 11782256, upload-time = "2026-02-17T22:19:32.34Z" },
    { url = "https://files.pythonhosted.org/packages/55/80/178af0594890dee17e239fca96d3d8670ba0f5ff59b7d0439850924a9c09/pandas-3.0.1-cp313-cp313t-win_amd64.whl", hash = "sha256:b03f91ae8c10a85c1613102c7bef5229b5379f343030a3ccefeca8a33414cf35", size = 10485047, upload-time = "2026-02-17T22:19:34.605Z" },
]

[[package]]
name = "py4j"
version = "0.10.9.9"
source = { registry = "https://pypi.org/simple" }
sdist = { url = "https://files.pythonhosted.org/packages/38/31/0b210511177070c8d5d3059556194352e5753602fa64b85b7ab81ec1a009/py4j-0.10.9.9.tar.gz", hash = "sha256:f694cad19efa5bd1dee4f3e5270eb406613c974394035e5bfc4ec1aba870b879", size = 761089, upload-time = "2025-01-15T03:53:18.624Z" }
wheels = [
    { url = "https://files.pythonhosted.org/packages/bd/db/ea0203e495be491c85af87b66e37acfd3bf756fd985f87e46fc5e3bf022c/py4j-0.10.9.9-py2.py3-none-any.whl", hash = "sha256:c7c26e4158defb37b0bb124933163641a2ff6e3a3913f7811b0ddbe07ed61533", size = 203008, upload-time = "2025-01-15T03:53:15.648Z" },
]

[[package]]
name = "pyarrow"
version = "23.0.1"
source = { registry = "https://pypi.org/simple" }
sdist = { url = "https://files.pythonhosted.org/packages/88/22/134986a4cc224d593c1afde5494d18ff629393d74cc2eddb176669f234a4/pyarrow-23.0.1.tar.gz", hash = "sha256:b8c5873e33440b2bc2f4a79d2b47017a89c5a24116c055625e6f2ee50523f019", size = 1167336, upload-time = "2026-02-16T10:14:12.39Z" }
wheels = [
    { url = "https://files.pythonhosted.org/packages/47/10/2cbe4c6f0fb83d2de37249567373d64327a5e4d8db72f486db42875b08f6/pyarrow-23.0.1-cp313-cp313-macosx_12_0_arm64.whl", hash = "sha256:6b8fda694640b00e8af3c824f99f789e836720aa8c9379fb435d4c4953a756b8", size = 34210066, upload-time = "2026-02-16T10:10:45.487Z" },
    { url = "https://files.pythonhosted.org/packages/cb/4f/679fa7e84dadbaca7a65f7cdba8d6c83febbd93ca12fa4adf40ba3b6362b/pyarrow-23.0.1-cp313-cp313-macosx_12_0_x86_64.whl", hash = "sha256:8ff51b1addc469b9444b7c6f3548e19dc931b172ab234e995a60aea9f6e6025f", size = 35825526, upload-time = "2026-02-16T10:10:52.266Z" },
    { url = "https://files.pythonhosted.org/packages/f9/63/d2747d930882c9d661e9398eefc54f15696547b8983aaaf11d4a2e8b5426/pyarrow-23.0.1-cp313-cp313-manylinux_2_28_aarch64.whl", hash = "sha256:71c5be5cbf1e1cb6169d2a0980850bccb558ddc9b747b6206435313c47c37677", size = 44473279, upload-time = "2026-02-16T10:11:01.557Z" },
    { url = "https://files.pythonhosted.org/packages/b3/93/10a48b5e238de6d562a411af6467e71e7aedbc9b87f8d3a35f1560ae30fb/pyarrow-23.0.1-cp313-cp313-manylinux_2_28_x86_64.whl", hash = "sha256:9b6f4f17b43bc39d56fec96e53fe89d94bac3eb134137964371b45352d40d0c2", size = 47585798, upload-time = "2026-02-16T10:11:09.401Z" },
    { url = "https://files.pythonhosted.org/packages/5c/20/476943001c54ef078dbf9542280e22741219a184a0632862bca4feccd666/pyarrow-23.0.1-cp313-cp313-musllinux_1_2_aarch64.whl", hash = "sha256:9fc13fc6c403d1337acab46a2c4346ca6c9dec5780c3c697cf8abfd5e19b6b37", size = 48179446, upload-time = "2026-02-16T10:11:17.781Z" },
    { url = "https://files.pythonhosted.org/packages/4b/b6/5dd0c47b335fcd8edba9bfab78ad961bd0fd55ebe53468cc393f45e0be60/pyarrow-23.0.1-cp313-cp313-musllinux_1_2_x86_64.whl", hash = "sha256:5c16ed4f53247fa3ffb12a14d236de4213a4415d127fe9cebed33d51671113e2", size = 50623972, upload-time = "2026-02-16T10:11:26.185Z" },
    { url = "https://files.pythonhosted.org/packages/d5/09/a532297c9591a727d67760e2e756b83905dd89adb365a7f6e9c72578bcc1/pyarrow-23.0.1-cp313-cp313-win_amd64.whl", hash = "sha256:cecfb12ef629cf6be0b1887f9f86463b0dd3dc3195ae6224e74006be4736035a", size = 27540749, upload-time = "2026-02-16T10:12:23.297Z" },
    { url = "https://files.pythonhosted.org/packages/a5/8e/38749c4b1303e6ae76b3c80618f84861ae0c55dd3c2273842ea6f8258233/pyarrow-23.0.1-cp313-cp313t-macosx_12_0_arm64.whl", hash = "sha256:29f7f7419a0e30264ea261fdc0e5fe63ce5a6095003db2945d7cd78df391a7e1", size = 34471544, upload-time = "2026-02-16T10:11:32.535Z" },
    { url = "https://files.pythonhosted.org/packages/a3/73/f237b2bc8c669212f842bcfd842b04fc8d936bfc9d471630569132dc920d/pyarrow-23.0.1-cp313-cp313t-macosx_12_0_x86_64.whl", hash = "sha256:33d648dc25b51fd8055c19e4261e813dfc4d2427f068bcecc8b53d01b81b0500", size = 35949911, upload-time = "2026-02-16T10:11:39.813Z" },
    { url = "https://files.pythonhosted.org/packages/0c/86/b912195eee0903b5611bf596833def7d146ab2d301afeb4b722c57ffc966/pyarrow-23.0.1-cp313-cp313t-manylinux_2_28_aarch64.whl", hash = "sha256:cd395abf8f91c673dd3589cadc8cc1ee4e8674fa61b2e923c8dd215d9c7d1f41", size = 44520337, upload-time = "2026-02-16T10:11:47.764Z" },
    { url = "https://files.pythonhosted.org/packages/69/c2/f2a717fb824f62d0be952ea724b4f6f9372a17eed6f704b5c9526f12f2f1/pyarrow-23.0.1-cp313-cp313t-manylinux_2_28_x86_64.whl", hash = "sha256:00be9576d970c31defb5c32eb72ef585bf600ef6d0a82d5eccaae96639cf9d07", size = 47548944, upload-time = "2026-02-16T10:11:56.607Z" },
    { url = "https://files.pythonhosted.org/packages/84/a7/90007d476b9f0dc308e3bc57b832d004f848fd6c0da601375d20d92d1519/pyarrow-23.0.1-cp313-cp313t-musllinux_1_2_aarch64.whl", hash = "sha256:c2139549494445609f35a5cda4eb94e2c9e4d704ce60a095b342f82460c73a83", size = 48236269, upload-time = "2026-02-16T10:12:04.47Z" },
    { url = "https://files.pythonhosted.org/packages/b0/3f/b16fab3e77709856eb6ac328ce35f57a6d4a18462c7ca5186ef31b45e0e0/pyarrow-23.0.1-cp313-cp313t-musllinux_1_2_x86_64.whl", hash = "sha256:7044b442f184d84e2351e5084600f0d7343d6117aabcbc1ac78eb1ae11eb4125", size = 50604794, upload-time = "2026-02-16T10:12:11.797Z" },
    { url = "https://files.pythonhosted.org/packages/e9/a1/22df0620a9fac31d68397a75465c344e83c3dfe521f7612aea33e27ab6c0/pyarrow-23.0.1-cp313-cp313t-win_amd64.whl", hash = "sha256:a35581e856a2fafa12f3f54fce4331862b1cfb0bef5758347a858a4aa9d6bae8", size = 27660642, upload-time = "2026-02-16T10:12:17.746Z" },
]

[[package]]
name = "pyspark"
version = "4.1.1"
source = { registry = "https://pypi.org/simple" }
dependencies = [
    { name = "py4j" },
]
sdist = { url = "https://files.pythonhosted.org/packages/19/bf/58ee13add151469c25825b7125bbf62c3bdcec05eec4d458fcb5c5516066/pyspark-4.1.1.tar.gz", hash = "sha256:77f78984aa84fbe865c717dd37b49913b4e5c97d76ef6824f932f1aefa6621ec", size = 455359625, upload-time = "2026-01-09T09:38:38.28Z" }

[package.optional-dependencies]
sql = [
    { name = "numpy" },
    { name = "pandas" },
    { name = "pyarrow" },
]

[[package]]
name = "python-dateutil"
version = "2.9.0.post0"
source = { registry = "https://pypi.org/simple" }
dependencies = [
    { name = "six" },
]
sdist = { url = "https://files.pythonhosted.org/packages/66/c0/0c8b6ad9f17a802ee498c46e004a0eb49bc148f2fd230864601a86dcf6db/python-dateutil-2.9.0.post0.tar.gz", hash = "sha256:37dd54208da7e1cd875388217d5e00ebd4179249f90fb72437e91a35459a0ad3", size = 342432, upload-time = "2024-03-01T18:36:20.211Z" }
wheels = [
    { url = "https://files.pythonhosted.org/packages/ec/57/56b9bcc3c9c6a792fcbaf139543cee77261f3651ca9da0c93f5c1221264b/python_dateutil-2.9.0.post0-py2.py3-none-any.whl", hash = "sha256:a8b2bc7bffae282281c8140a97d3aa9c14da0b136dfe83f850eea9a5f7470427", size = 229892, upload-time = "2024-03-01T18:36:18.57Z" },
]

[[package]]
name = "requests"
version = "2.32.5"
source = { registry = "https://pypi.org/simple" }
dependencies = [
    { name = "certifi" },
    { name = "charset-normalizer" },
    { name = "idna" },
    { name = "urllib3" },
]
sdist = { url = "https://files.pythonhosted.org/packages/c9/74/b3ff8e6c8446842c3f5c837e9c3dfcfe2018ea6ecef224c710c85ef728f4/requests-2.32.5.tar.gz", hash = "sha256:dbba0bac56e100853db0ea71b82b4dfd5fe2bf6d3754a8893c3af500cec7d7cf", size = 134517, upload-time = "2025-08-18T20:46:02.573Z" }
wheels = [
    { url = "https://files.pythonhosted.org/packages/1e/db/4254e3eabe8020b458f1a747140d32277ec7a271daf1d235b70dc0b4e6e3/requests-2.32.5-py3-none-any.whl", hash = "sha256:2462f94637a34fd532264295e186976db0f5d453d1cdd31473c85a6a161affb6", size = 64738, upload-time = "2025-08-18T20:46:00.542Z" },
]

[[package]]
name = "six"
version = "1.17.0"
source = { registry = "https://pypi.org/simple" }
sdist = { url = "https://files.pythonhosted.org/packages/94/e7/b2c673351809dca68a0e064b6af791aa332cf192da575fd474ed7d6f16a2/six-1.17.0.tar.gz", hash = "sha256:ff70335d468e7eb6ec65b95b99d3a2836546063f63acc5171de367e834932a81", size = 34031, upload-time = "2024-12-04T17:35:28.174Z" }
wheels = [
    { url = "https://files.pythonhosted.org/packages/b7/ce/149a00dd41f10bc29e5921b496af8b574d8413afcd5e30dfa0ed46c2cc5e/six-1.17.0-py2.py3-none-any.whl", hash = "sha256:4721f391ed90541fddacab5acf947aa0d3dc7d27b2e1e8eda2be8970586c3274", size = 11050, upload-time = "2024-12-04T17:35:26.475Z" },
]

[[package]]
name = "spark"
version = "0.1.0"
source = { virtual = "." }
dependencies = [
    { name = "pyspark", extra = ["sql"] },
    { name = "requests" },
]

[package.metadata]
requires-dist = [
    { name = "pyspark", extras = ["sql"], specifier = "==4.1.1" },
    { name = "requests", specifier = ">=2.32.5" },
]

[[package]]
name = "tzdata"
version = "2025.3"
source = { registry = "https://pypi.org/simple" }
sdist = { url = "https://files.pythonhosted.org/packages/5e/a7/c202b344c5ca7daf398f3b8a477eeb205cf3b6f32e7ec3a6bac0629ca975/tzdata-2025.3.tar.gz", hash = "sha256:de39c2ca5dc7b0344f2eba86f49d614019d29f060fc4ebc8a417896a620b56a7", size = 196772, upload-time = "2025-12-13T17:45:35.667Z" }
wheels = [
    { url = "https://files.pythonhosted.org/packages/c7/b0/003792df09decd6849a5e39c28b513c06e84436a54440380862b5aeff25d/tzdata-2025.3-py2.py3-none-any.whl", hash = "sha256:06a47e5700f3081aab02b2e513160914ff0694bce9947d6b76ebd6bf57cfc5d1", size = 348521, upload-time = "2025-12-13T17:45:33.889Z" },
]

[[package]]
name = "urllib3"
version = "2.6.3"
source = { registry = "https://pypi.org/simple" }
sdist = { url = "https://files.pythonhosted.org/packages/c7/24/5f1b3bdffd70275f6661c76461e25f024d5a38a46f04aaca912426a2b1d3/urllib3-2.6.3.tar.gz", hash = "sha256:1b62b6884944a57dbe321509ab94fd4d3b307075e0c2eae991ac71ee15ad38ed", size = 435556, upload-time = "2026-01-07T16:24:43.925Z" }
wheels = [
    { url = "https://files.pythonhosted.org/packages/39/08/aaaad47bc4e9dc8c725e68f9d04865dbcb2052843ff09c97b08904852d84/urllib3-2.6.3-py3-none-any.whl", hash = "sha256:bf272323e553dfb2e87d9bfd225ca7b0f467b919d7bbd355436d3fd37cb0acd4", size = 131584, upload-time = "2026-01-07T16:24:42.685Z" },
]
